
Microsoft Visual Studio Solution File, Format Version 12.00
# Visual Studio Version 17
VisualStudioVersion = 17.3.32825.248
MinimumVisualStudioVersion = 10.0.40219.1
Project("{FAE04EC0-301F-11D3-BF4B-00C04F79EFBC}") = "HtmlSerialiser", "HtmlSerialiser\HtmlSerialiser.csproj", "{CB3C468A-6FCB-474E-8CD2-89DD111521DE}"
EndProject
Global
	GlobalSection(SolutionConfigurationPlatforms) = preSolution
		Debug|Any CPU = Debug|Any CPU
		Release|Any CPU = Release|Any CPU
	EndGlobalSection
	GlobalSection(ProjectConfigurationPlatforms) = postSolution
		{CB3C468A-6FCB-474E-8CD2-89DD111521DE}.Debug|Any CPU.ActiveCfg = Debug|Any CPU
		{CB3C468A-6FCB-474E-8CD2-89DD111521DE}.Debug|Any CPU.Build.0 = Debug|Any CPU
		{CB3C468A-6FCB-474E-8CD2-89DD111521DE}.Release|Any CPU.ActiveCfg = Release|Any CPU
		{CB3C468A-6FCB-474E-8CD2-89DD111521DE}.Release|Any CPU.Build.0 = Release|Any CPU
	EndGlobalSection
	GlobalSection(SolutionProperties) = preSolution
		HideSolutionNode = FALSE
	EndGlobalSection
	GlobalSection(ExtensibilityGlobals) = postSolution
		SolutionGuid = {AD93FA4E-3DA2-40CA-BFF2-2D8D57DC41F6}
	EndGlobalSection
EndGlobal
